{
  "requires": true,
  "lockfileVersion": 1,
  "dependencies": {
    "async-validate": {
      "version": "1.0.1",
      "resolved": "https://registry.npm.taobao.org/async-validate/download/async-validate-1.0.1.tgz",
      "integrity": "sha1-CZUcBq/xJIhpMD+Wee9DdNrX56E=",
      "requires": {
        "format-util": "~1.0.3",
        "zephyr": "~1.3.5"
      }
    },
    "async-validator": {
      "version": "3.3.0",
      "resolved": "https://registry.npm.taobao.org/async-validator/download/async-validator-3.3.0.tgz",
      "integrity": "sha1-HZIZO75g1tbIskZpLHAF6e0UqO4="
    },
    "format-util": {
      "version": "1.0.5",
      "resolved": "https://registry.npm.taobao.org/format-util/download/format-util-1.0.5.tgz",
      "integrity": "sha1-H/tFDIoD57zP/kBkMYCRjMKX0nE="
    },
    "zephyr": {
      "version": "1.3.6",
      "resolved": "https://registry.npm.taobao.org/zephyr/download/zephyr-1.3.6.tgz",
      "integrity": "sha1-bkD//RzlM2OrIas+g5/ewma8Fag="
    }
  }
}
